
Microsoft Visual Studio Solution File, Format Version 12.00
# Visual Studio Version 17
VisualStudioVersion = 17.7.34031.279
MinimumVisualStudioVersion = 10.0.40219.1
Project("{8BC9CEB8-8B4A-11D0-8D11-00A0C91BC942}") = "CrossyRoady", "CrossyRoady\CrossyRoady.vcxproj", "{58BC9F69-A781-4285-B170-C3076F69F632}"
EndProject
Project("{8BC9CEB8-8B4A-11D0-8D11-00A0C91BC942}") = "ConsoleEngine", "ConsoleEngine\ConsoleEngine.vcxproj", "{8FEF83D2-BC7D-4BEF-AD5E-50171F837882}"
EndProject
Project("{8BC9CEB8-8B4A-11D0-8D11-00A0C91BC942}") = "TestingGround", "TestingGround\TestingGround.vcxproj", "{F19D5EA7-6CD1-467B-9E3F-8884777100B6}"
EndProject
Project("{8BC9CEB8-8B4A-11D0-8D11-00A0C91BC942}") = "DrawTool", "DrawTool\DrawTool.vcxproj", "{3CE52216-4285-4552-BC5C-936959BC08AE}"
EndProject
Project("{8BC9CEB8-8B4A-11D0-8D11-00A0C91BC942}") = "NetTest", "NetTest\NetTest.vcxproj", "{CF852E82-A238-42B0-892E-AD61BFD0BF81}"
EndProject
Project("{8BC9CEB8-8B4A-11D0-8D11-00A0C91BC942}") = "TestFont", "TestFont\TestFont.vcxproj", "{A1F10385-A91E-44BE-8986-A251F4C7468A}"
EndProject
Global
	GlobalSection(SolutionConfigurationPlatforms) = preSolution
		Debug|x64 = Debug|x64
		Debug|x86 = Debug|x86
		Release|x64 = Release|x64
		Release|x86 = Release|x86
	EndGlobalSection
	GlobalSection(ProjectConfigurationPlatforms) = postSolution
		{58BC9F69-A781-4285-B170-C3076F69F632}.Debug|x64.ActiveCfg = Debug|x64
		{58BC9F69-A781-4285-B170-C3076F69F632}.Debug|x64.Build.0 = Debug|x64
		{58BC9F69-A781-4285-B170-C3076F69F632}.Debug|x86.ActiveCfg = Debug|Win32
		{58BC9F69-A781-4285-B170-C3076F69F632}.Debug|x86.Build.0 = Debug|Win32
		{58BC9F69-A781-4285-B170-C3076F69F632}.Release|x64.ActiveCfg = Release|x64
		{58BC9F69-A781-4285-B170-C3076F69F632}.Release|x64.Build.0 = Release|x64
		{58BC9F69-A781-4285-B170-C3076F69F632}.Release|x86.ActiveCfg = Release|Win32
		{58BC9F69-A781-4285-B170-C3076F69F632}.Release|x86.Build.0 = Release|Win32
		{8FEF83D2-BC7D-4BEF-AD5E-50171F837882}.Debug|x64.ActiveCfg = Debug|x64
		{8FEF83D2-BC7D-4BEF-AD5E-50171F837882}.Debug|x64.Build.0 = Debug|x64
		{8FEF83D2-BC7D-4BEF-AD5E-50171F837882}.Debug|x86.ActiveCfg = Debug|Win32
		{8FEF83D2-BC7D-4BEF-AD5E-50171F837882}.Debug|x86.Build.0 = Debug|Win32
		{8FEF83D2-BC7D-4BEF-AD5E-50171F837882}.Release|x64.ActiveCfg = Release|x64
		{8FEF83D2-BC7D-4BEF-AD5E-50171F837882}.Release|x64.Build.0 = Release|x64
		{8FEF83D2-BC7D-4BEF-AD5E-50171F837882}.Release|x86.ActiveCfg = Release|Win32
		{8FEF83D2-BC7D-4BEF-AD5E-50171F837882}.Release|x86.Build.0 = Release|Win32
		{F19D5EA7-6CD1-467B-9E3F-8884777100B6}.Debug|x64.ActiveCfg = Debug|x64
		{F19D5EA7-6CD1-467B-9E3F-8884777100B6}.Debug|x64.Build.0 = Debug|x64
		{F19D5EA7-6CD1-467B-9E3F-8884777100B6}.Debug|x86.ActiveCfg = Debug|Win32
		{F19D5EA7-6CD1-467B-9E3F-8884777100B6}.Debug|x86.Build.0 = Debug|Win32
		{F19D5EA7-6CD1-467B-9E3F-8884777100B6}.Release|x64.ActiveCfg = Release|x64
		{F19D5EA7-6CD1-467B-9E3F-8884777100B6}.Release|x64.Build.0 = Release|x64
		{F19D5EA7-6CD1-467B-9E3F-8884777100B6}.Release|x86.ActiveCfg = Release|Win32
		{F19D5EA7-6CD1-467B-9E3F-8884777100B6}.Release|x86.Build.0 = Release|Win32
		{3CE52216-4285-4552-BC5C-936959BC08AE}.Debug|x64.ActiveCfg = Debug|x64
		{3CE52216-4285-4552-BC5C-936959BC08AE}.Debug|x64.Build.0 = Debug|x64
		{3CE52216-4285-4552-BC5C-936959BC08AE}.Debug|x86.ActiveCfg = Debug|Win32
		{3CE52216-4285-4552-BC5C-936959BC08AE}.Debug|x86.Build.0 = Debug|Win32
		{3CE52216-4285-4552-BC5C-936959BC08AE}.Release|x64.ActiveCfg = Release|x64
		{3CE52216-4285-4552-BC5C-936959BC08AE}.Release|x64.Build.0 = Release|x64
		{3CE52216-4285-4552-BC5C-936959BC08AE}.Release|x86.ActiveCfg = Release|Win32
		{3CE52216-4285-4552-BC5C-936959BC08AE}.Release|x86.Build.0 = Release|Win32
		{CF852E82-A238-42B0-892E-AD61BFD0BF81}.Debug|x64.ActiveCfg = Debug|x64
		{CF852E82-A238-42B0-892E-AD61BFD0BF81}.Debug|x64.Build.0 = Debug|x64
		{CF852E82-A238-42B0-892E-AD61BFD0BF81}.Debug|x86.ActiveCfg = Debug|Win32
		{CF852E82-A238-42B0-892E-AD61BFD0BF81}.Debug|x86.Build.0 = Debug|Win32
		{CF852E82-A238-42B0-892E-AD61BFD0BF81}.Release|x64.ActiveCfg = Release|x64
		{CF852E82-A238-42B0-892E-AD61BFD0BF81}.Release|x64.Build.0 = Release|x64
		{CF852E82-A238-42B0-892E-AD61BFD0BF81}.Release|x86.ActiveCfg = Release|Win32
		{CF852E82-A238-42B0-892E-AD61BFD0BF81}.Release|x86.Build.0 = Release|Win32
		{A1F10385-A91E-44BE-8986-A251F4C7468A}.Debug|x64.ActiveCfg = Debug|x64
		{A1F10385-A91E-44BE-8986-A251F4C7468A}.Debug|x64.Build.0 = Debug|x64
		{A1F10385-A91E-44BE-8986-A251F4C7468A}.Debug|x86.ActiveCfg = Debug|Win32
		{A1F10385-A91E-44BE-8986-A251F4C7468A}.Debug|x86.Build.0 = Debug|Win32
		{A1F10385-A91E-44BE-8986-A251F4C7468A}.Release|x64.ActiveCfg = Release|x64
		{A1F10385-A91E-44BE-8986-A251F4C7468A}.Release|x64.Build.0 = Release|x64
		{A1F10385-A91E-44BE-8986-A251F4C7468A}.Release|x86.ActiveCfg = Release|Win32
		{A1F10385-A91E-44BE-8986-A251F4C7468A}.Release|x86.Build.0 = Release|Win32
	EndGlobalSection
	GlobalSection(SolutionProperties) = preSolution
		HideSolutionNode = FALSE
	EndGlobalSection
	GlobalSection(ExtensibilityGlobals) = postSolution
		SolutionGuid = {36950909-C7FC-4A82-9111-9BCA649058EF}
	EndGlobalSection
EndGlobal
