<?xml version="1.0" encoding="utf-8"?>
<Project ToolsVersion="4.0" xmlns="http://schemas.microsoft.com/developer/msbuild/2003">
  <ItemGroup>
    <Filter Include="Source Files">
      <UniqueIdentifier>{4FC737F1-C7A5-4376-A066-2A32D752A2FF}</UniqueIdentifier>
      <Extensions>cpp;c;cc;cxx;c++;cppm;ixx;def;odl;idl;hpj;bat;asm;asmx</Extensions>
    </Filter>
    <Filter Include="Header Files">
      <UniqueIdentifier>{93995380-89BD-4b04-88EB-625FBE52EBFB}</UniqueIdentifier>
      <Extensions>h;hh;hpp;hxx;h++;hm;inl;inc;ipp;xsd</Extensions>
    </Filter>
    <Filter Include="Resource Files">
      <UniqueIdentifier>{67DA6AB6-F800-4c08-8B7A-83BB121AAD01}</UniqueIdentifier>
      <Extensions>rc;ico;cur;bmp;dlg;rc2;rct;bin;rgs;gif;jpg;jpeg;jpe;resx;tiff;tif;png;wav;mfcribbon-ms</Extensions>
    </Filter>
    <Filter Include="Header Files\ScreenHeader">
      <UniqueIdentifier>{618de151-ae59-41da-8506-31b5401fd997}</UniqueIdentifier>
    </Filter>
    <Filter Include="Source Files\ScreenImpl">
      <UniqueIdentifier>{9cc318cb-10f9-48cd-b9fb-f084d90b0b90}</UniqueIdentifier>
    </Filter>
    <Filter Include="Header Files\UIComponent">
      <UniqueIdentifier>{3bf5a665-bfcf-411b-bf0d-379ad5a06c12}</UniqueIdentifier>
    </Filter>
    <Filter Include="Source Files\UIComponent">
      <UniqueIdentifier>{2d9fe8a9-241c-4901-8136-4fde898b1e29}</UniqueIdentifier>
    </Filter>
  </ItemGroup>
  <ItemGroup>
    <ClCompile Include="CrossyRoady.cpp">
      <Filter>Source Files</Filter>
    </ClCompile>
    <ClCompile Include="About.cpp">
      <Filter>Source Files\ScreenImpl</Filter>
    </ClCompile>
    <ClCompile Include="CharactersInfo.cpp">
      <Filter>Source Files\ScreenImpl</Filter>
    </ClCompile>
    <ClCompile Include="MainMenu.cpp">
      <Filter>Source Files\ScreenImpl</Filter>
    </ClCompile>
    <ClCompile Include="Setting.cpp">
      <Filter>Source Files\ScreenImpl</Filter>
    </ClCompile>
    <ClCompile Include="CharaSelectScreen.cpp">
      <Filter>Source Files\ScreenImpl</Filter>
    </ClCompile>
    <ClCompile Include="Surface.cpp">
      <Filter>Source Files\UIComponent</Filter>
    </ClCompile>
  </ItemGroup>
  <ItemGroup>
    <ClInclude Include="About.h">
      <Filter>Header Files\ScreenHeader</Filter>
    </ClInclude>
    <ClInclude Include="CharactersInfo.h">
      <Filter>Header Files\ScreenHeader</Filter>
    </ClInclude>
    <ClInclude Include="MainMenu.h">
      <Filter>Header Files\ScreenHeader</Filter>
    </ClInclude>
    <ClInclude Include="Setting.h">
      <Filter>Header Files\ScreenHeader</Filter>
    </ClInclude>
    <ClInclude Include="CharaSelectScreen.h">
      <Filter>Header Files\ScreenHeader</Filter>
    </ClInclude>
    <ClInclude Include="Surface.h">
      <Filter>Header Files\UIComponent</Filter>
    </ClInclude>
  </ItemGroup>
</Project>