<?xml version="1.0" encoding="utf-8"?>
<Project ToolsVersion="4.0" xmlns="http://schemas.microsoft.com/developer/msbuild/2003">
  <ItemGroup>
    <Filter Include="Source Files">
      <UniqueIdentifier>{4FC737F1-C7A5-4376-A066-2A32D752A2FF}</UniqueIdentifier>
      <Extensions>cpp;c;cc;cxx;c++;cppm;ixx;def;odl;idl;hpj;bat;asm;asmx</Extensions>
    </Filter>
    <Filter Include="Header Files">
      <UniqueIdentifier>{93995380-89BD-4b04-88EB-625FBE52EBFB}</UniqueIdentifier>
      <Extensions>h;hh;hpp;hxx;h++;hm;inl;inc;ipp;xsd</Extensions>
    </Filter>
    <Filter Include="Resource Files">
      <UniqueIdentifier>{67DA6AB6-F800-4c08-8B7A-83BB121AAD01}</UniqueIdentifier>
      <Extensions>rc;ico;cur;bmp;dlg;rc2;rct;bin;rgs;gif;jpg;jpeg;jpe;resx;tiff;tif;png;wav;mfcribbon-ms</Extensions>
    </Filter>
    <Filter Include="Header Files\ScreenHeader">
      <UniqueIdentifier>{618de151-ae59-41da-8506-31b5401fd997}</UniqueIdentifier>
    </Filter>
    <Filter Include="Source Files\ScreenImpl">
      <UniqueIdentifier>{9cc318cb-10f9-48cd-b9fb-f084d90b0b90}</UniqueIdentifier>
    </Filter>
    <Filter Include="Header Files\LevelHeader">
      <UniqueIdentifier>{14343920-bed3-4a5a-b3b1-bd112efee60f}</UniqueIdentifier>
    </Filter>
    <Filter Include="Header Files\CharHeader">
      <UniqueIdentifier>{999fd8a0-d624-4faf-bc0b-31e51cb507d3}</UniqueIdentifier>
    </Filter>
    <Filter Include="Source Files\LevelImpl">
      <UniqueIdentifier>{126b21ac-ac93-4568-be0b-70ac67634315}</UniqueIdentifier>
    </Filter>
    <Filter Include="Source Files\CharImpl">
      <UniqueIdentifier>{f8da00ca-78c2-4a73-8896-caa23c5a16fc}</UniqueIdentifier>
    </Filter>
    <Filter Include="Header Files\UIComponent">
      <UniqueIdentifier>{3bf5a665-bfcf-411b-bf0d-379ad5a06c12}</UniqueIdentifier>
    </Filter>
    <Filter Include="Source Files\UIComponent">
      <UniqueIdentifier>{2d9fe8a9-241c-4901-8136-4fde898b1e29}</UniqueIdentifier>
    </Filter>
    <Filter Include="Header Files\Game">
      <UniqueIdentifier>{2bf8bff1-c416-4550-adae-54cc2c103a07}</UniqueIdentifier>
    </Filter>
    <Filter Include="Source Files\GameImpl">
      <UniqueIdentifier>{a4b794a7-fc0a-4a58-b512-41e0d838b61b}</UniqueIdentifier>
    </Filter>
  </ItemGroup>
  <ItemGroup>
    <ClCompile Include="CrossyRoady.cpp">
      <Filter>Source Files</Filter>
    </ClCompile>
    <ClCompile Include="About.cpp">
      <Filter>Source Files\ScreenImpl</Filter>
    </ClCompile>
    <ClCompile Include="CharactersInfo.cpp">
      <Filter>Source Files\ScreenImpl</Filter>
    </ClCompile>
    <ClCompile Include="MainMenu.cpp">
      <Filter>Source Files\ScreenImpl</Filter>
    </ClCompile>
    <ClCompile Include="Setting.cpp">
      <Filter>Source Files\ScreenImpl</Filter>
    </ClCompile>
    <ClCompile Include="CharaSelectScreen.cpp">
      <Filter>Source Files\ScreenImpl</Filter>
    </ClCompile>
    <ClCompile Include="Surface.cpp">
      <Filter>Source Files\UIComponent</Filter>
    </ClCompile>
    <ClCompile Include="Button.cpp">
      <Filter>Source Files\UIComponent</Filter>
    </ClCompile>
    <ClCompile Include="StringRes.cpp">
      <Filter>Source Files</Filter>
    </ClCompile>
    <ClCompile Include="GameMap.cpp">
      <Filter>Source Files\LevelImpl</Filter>
    </ClCompile>
    <ClCompile Include="Road.cpp">
      <Filter>Source Files\GameImpl</Filter>
    </ClCompile>
    <ClCompile Include="GameUtils.cpp">
      <Filter>Header Files\Game</Filter>
    </ClCompile>
    <ClCompile Include="Menu.cpp">
      <Filter>Source Files\UIComponent</Filter>
    </ClCompile>
    <ClCompile Include="Credit.cpp">
      <Filter>Source Files\ScreenImpl</Filter>
    </ClCompile>
    <ClCompile Include="Common.cpp">
      <Filter>Source Files</Filter>
    </ClCompile>
    <ClCompile Include="TimePlayedTracker.cpp">
      <Filter>Source Files</Filter>
    </ClCompile>
    <ClCompile Include="MenuBG.cpp">
      <Filter>Source Files\UIComponent</Filter>
    </ClCompile>
    <ClCompile Include="Progress.cpp">
      <Filter>Source Files\ScreenImpl</Filter>
    </ClCompile>
    <ClCompile Include="TabMenu.cpp">
      <Filter>Source Files\UIComponent</Filter>
    </ClCompile>
    <ClCompile Include="SharedAudio.cpp">
      <Filter>Source Files</Filter>
    </ClCompile>
    <ClCompile Include="ArrowButton.cpp">
      <Filter>Source Files\UIComponent</Filter>
    </ClCompile>
    <ClCompile Include="Lane.cpp">
      <Filter>Source Files\GameImpl</Filter>
    </ClCompile>
    <ClCompile Include="Water.cpp">
      <Filter>Source Files</Filter>
    </ClCompile>
    <ClCompile Include="HMenu.cpp">
      <Filter>Source Files\UIComponent</Filter>
    </ClCompile>
    <ClCompile Include="HowToPlay.cpp">
      <Filter>Source Files\ScreenImpl</Filter>
    </ClCompile>
    <ClCompile Include="Upgrade.cpp">
      <Filter>Source Files\ScreenImpl</Filter>
    </ClCompile>
    <ClCompile Include="Exp.cpp">
      <Filter>Source Files\ScreenImpl</Filter>
    </ClCompile>
    <ClCompile Include="Control.cpp">
      <Filter>Source Files\ScreenImpl</Filter>
    </ClCompile>
  </ItemGroup>
  <ItemGroup>
    <ClInclude Include="About.h">
      <Filter>Header Files\ScreenHeader</Filter>
    </ClInclude>
    <ClInclude Include="CharactersInfo.h">
      <Filter>Header Files\ScreenHeader</Filter>
    </ClInclude>
    <ClInclude Include="MainMenu.h">
      <Filter>Header Files\ScreenHeader</Filter>
    </ClInclude>
    <ClInclude Include="Setting.h">
      <Filter>Header Files\ScreenHeader</Filter>
    </ClInclude>
    <ClInclude Include="CharaSelectScreen.h">
      <Filter>Header Files\ScreenHeader</Filter>
    </ClInclude>
    <ClInclude Include="Surface.h">
      <Filter>Header Files\UIComponent</Filter>
    </ClInclude>
    <ClInclude Include="Character.h">
      <Filter>Header Files\CharHeader</Filter>
    </ClInclude>
    <ClInclude Include="Button.h">
      <Filter>Header Files\UIComponent</Filter>
    </ClInclude>
    <ClInclude Include="StringRes.h">
      <Filter>Header Files</Filter>
    </ClInclude>
    <ClInclude Include="Road.h">
      <Filter>Header Files\Game</Filter>
    </ClInclude>
    <ClInclude Include="Water.h">
      <Filter>Header Files\Game</Filter>
    </ClInclude>
    <ClInclude Include="Rail.h">
      <Filter>Header Files\Game</Filter>
    </ClInclude>
    <ClInclude Include="GameType.h">
      <Filter>Header Files\Game</Filter>
    </ClInclude>
    <ClInclude Include="GameUtils.h">
      <Filter>Header Files\Game</Filter>
    </ClInclude>
    <ClInclude Include="Menu.h">
      <Filter>Header Files\UIComponent</Filter>
    </ClInclude>
    <ClInclude Include="Credit.h">
      <Filter>Header Files\ScreenHeader</Filter>
    </ClInclude>
    <ClInclude Include="Common.h">
      <Filter>Header Files</Filter>
    </ClInclude>
    <ClInclude Include="TimePlayedTracker.h">
      <Filter>Header Files</Filter>
    </ClInclude>
    <ClInclude Include="MenuBG.h">
      <Filter>Header Files\UIComponent</Filter>
    </ClInclude>
    <ClInclude Include="Progress.h">
      <Filter>Header Files\ScreenHeader</Filter>
    </ClInclude>
    <ClInclude Include="TabMenu.h">
      <Filter>Header Files\UIComponent</Filter>
    </ClInclude>
    <ClInclude Include="SharedAudio.h">
      <Filter>Header Files</Filter>
    </ClInclude>
    <ClInclude Include="ArrowButton.h">
      <Filter>Header Files\UIComponent</Filter>
    </ClInclude>
    <ClInclude Include="GameMap.h">
      <Filter>Header Files\Game</Filter>
    </ClInclude>
    <ClInclude Include="Lane.h">
      <Filter>Header Files\Game</Filter>
    </ClInclude>
    <ClInclude Include="HMenu.h">
      <Filter>Header Files\UIComponent</Filter>
    </ClInclude>
    <ClInclude Include="HowToPlay.h">
      <Filter>Header Files\ScreenHeader</Filter>
    </ClInclude>
    <ClInclude Include="Upgrade.h">
      <Filter>Header Files\ScreenHeader</Filter>
    </ClInclude>
    <ClInclude Include="Exp.h">
      <Filter>Header Files\ScreenHeader</Filter>
    </ClInclude>
    <ClInclude Include="Control.h">
      <Filter>Header Files\ScreenHeader</Filter>
    </ClInclude>
  </ItemGroup>
</Project>